
Microsoft Visual Studio Solution File, Format Version 12.00
# Visual Studio Version 17
VisualStudioVersion = 17.7.34221.43
MinimumVisualStudioVersion = 10.0.40219.1
Project("{9A19103F-16F7-4668-BE54-9A1E7A4F7556}") = "ATM", "ATM\ATM.csproj", "{1413475E-F95B-48B9-BEC7-EC0A2E6D2F62}"
EndProject
Project("{9A19103F-16F7-4668-BE54-9A1E7A4F7556}") = "ATM.models", "ATM.models\ATM.models.csproj", "{A2AAEF00-4E77-4E23-8EB6-A840130E351E}"
EndProject
Project("{9A19103F-16F7-4668-BE54-9A1E7A4F7556}") = "ATM.Business", "ATM.Business\ATM.Business.csproj", "{1D34024F-DA8D-4A97-B900-442B69AAB04B}"
EndProject
Project("{FAE04EC0-301F-11D3-BF4B-00C04F79EFBC}") = "ATM.Tests", "ATM.Tests\ATM.Tests.csproj", "{C08B575B-BE24-49BA-922A-352630E90704}"
EndProject
Global
	GlobalSection(SolutionConfigurationPlatforms) = preSolution
		Debug|Any CPU = Debug|Any CPU
		Release|Any CPU = Release|Any CPU
	EndGlobalSection
	GlobalSection(ProjectConfigurationPlatforms) = postSolution
		{1413475E-F95B-48B9-BEC7-EC0A2E6D2F62}.Debug|Any CPU.ActiveCfg = Debug|Any CPU
		{1413475E-F95B-48B9-BEC7-EC0A2E6D2F62}.Debug|Any CPU.Build.0 = Debug|Any CPU
		{1413475E-F95B-48B9-BEC7-EC0A2E6D2F62}.Release|Any CPU.ActiveCfg = Release|Any CPU
		{1413475E-F95B-48B9-BEC7-EC0A2E6D2F62}.Release|Any CPU.Build.0 = Release|Any CPU
		{A2AAEF00-4E77-4E23-8EB6-A840130E351E}.Debug|Any CPU.ActiveCfg = Debug|Any CPU
		{A2AAEF00-4E77-4E23-8EB6-A840130E351E}.Debug|Any CPU.Build.0 = Debug|Any CPU
		{A2AAEF00-4E77-4E23-8EB6-A840130E351E}.Release|Any CPU.ActiveCfg = Release|Any CPU
		{A2AAEF00-4E77-4E23-8EB6-A840130E351E}.Release|Any CPU.Build.0 = Release|Any CPU
		{1D34024F-DA8D-4A97-B900-442B69AAB04B}.Debug|Any CPU.ActiveCfg = Debug|Any CPU
		{1D34024F-DA8D-4A97-B900-442B69AAB04B}.Debug|Any CPU.Build.0 = Debug|Any CPU
		{1D34024F-DA8D-4A97-B900-442B69AAB04B}.Release|Any CPU.ActiveCfg = Release|Any CPU
		{1D34024F-DA8D-4A97-B900-442B69AAB04B}.Release|Any CPU.Build.0 = Release|Any CPU
		{C08B575B-BE24-49BA-922A-352630E90704}.Debug|Any CPU.ActiveCfg = Debug|Any CPU
		{C08B575B-BE24-49BA-922A-352630E90704}.Debug|Any CPU.Build.0 = Debug|Any CPU
		{C08B575B-BE24-49BA-922A-352630E90704}.Release|Any CPU.ActiveCfg = Release|Any CPU
		{C08B575B-BE24-49BA-922A-352630E90704}.Release|Any CPU.Build.0 = Release|Any CPU
	EndGlobalSection
	GlobalSection(SolutionProperties) = preSolution
		HideSolutionNode = FALSE
	EndGlobalSection
	GlobalSection(ExtensibilityGlobals) = postSolution
		SolutionGuid = {EF6E2648-396C-4AFA-9E6B-AE70796FADEF}
	EndGlobalSection
EndGlobal
